// !$*UTF8*$!
{
	archiveVersion = 1;
	classes = {
	};
	objectVersion = 46;
	objects = {

/* Begin PBXBuildFile section */
		7901DD751ABAF55200C4B89F /* sprite.c in Sources */ = {isa = PBXBuildFile; fileRef = 7901DD731ABAF55200C4B89F /* sprite.c */; };
		7901DD781ABAF5F000C4B89F /* matrix.c in Sources */ = {isa = PBXBuildFile; fileRef = 7901DD761ABAF5F000C4B89F /* matrix.c */; };
		7901DD7B1ABAF6C400C4B89F /* lmatrix.c in Sources */ = {isa = PBXBuildFile; fileRef = 7901DD791ABAF6C400C4B89F /* lmatrix.c */; };
		7901DD7E1ABAFBC700C4B89F /* spritepack.c in Sources */ = {isa = PBXBuildFile; fileRef = 7901DD7C1ABAFBC700C4B89F /* spritepack.c */; };
		792CEA321ABC111900CC9059 /* scissor.c in Sources */ = {isa = PBXBuildFile; fileRef = 792CEA301ABC111900CC9059 /* scissor.c */; };
		799F5FFB1AB6659E00D630F2 /* main.m in Sources */ = {isa = PBXBuildFile; fileRef = 799F5FFA1AB6659E00D630F2 /* main.m */; };
		799F5FFE1AB6659E00D630F2 /* AppDelegate.m in Sources */ = {isa = PBXBuildFile; fileRef = 799F5FFD1AB6659E00D630F2 /* AppDelegate.m */; };
		799F60011AB6659E00D630F2 /* ViewController.m in Sources */ = {isa = PBXBuildFile; fileRef = 799F60001AB6659E00D630F2 /* ViewController.m */; };
		799F60061AB6659E00D630F2 /* Images.xcassets in Resources */ = {isa = PBXBuildFile; fileRef = 799F60051AB6659E00D630F2 /* Images.xcassets */; };
		799F60151AB6659E00D630F2 /* engine2dTests.m in Sources */ = {isa = PBXBuildFile; fileRef = 799F60141AB6659E00D630F2 /* engine2dTests.m */; };
		799F605C1AB6660700D630F2 /* lapi.c in Sources */ = {isa = PBXBuildFile; fileRef = 799F60211AB6660700D630F2 /* lapi.c */; };
		799F605D1AB6660700D630F2 /* lauxlib.c in Sources */ = {isa = PBXBuildFile; fileRef = 799F60231AB6660700D630F2 /* lauxlib.c */; };
		799F605E1AB6660700D630F2 /* lbaselib.c in Sources */ = {isa = PBXBuildFile; fileRef = 799F60251AB6660700D630F2 /* lbaselib.c */; };
		799F605F1AB6660700D630F2 /* lbitlib.c in Sources */ = {isa = PBXBuildFile; fileRef = 799F60261AB6660700D630F2 /* lbitlib.c */; };
		799F60601AB6660700D630F2 /* lcode.c in Sources */ = {isa = PBXBuildFile; fileRef = 799F60271AB6660700D630F2 /* lcode.c */; };
		799F60611AB6660700D630F2 /* lcorolib.c in Sources */ = {isa = PBXBuildFile; fileRef = 799F60291AB6660700D630F2 /* lcorolib.c */; };
		799F60621AB6660700D630F2 /* lctype.c in Sources */ = {isa = PBXBuildFile; fileRef = 799F602A1AB6660700D630F2 /* lctype.c */; };
		799F60631AB6660700D630F2 /* ldblib.c in Sources */ = {isa = PBXBuildFile; fileRef = 799F602C1AB6660700D630F2 /* ldblib.c */; };
		799F60641AB6660700D630F2 /* ldebug.c in Sources */ = {isa = PBXBuildFile; fileRef = 799F602D1AB6660700D630F2 /* ldebug.c */; };
		799F60651AB6660700D630F2 /* ldo.c in Sources */ = {isa = PBXBuildFile; fileRef = 799F602F1AB6660700D630F2 /* ldo.c */; };
		799F60661AB6660700D630F2 /* ldump.c in Sources */ = {isa = PBXBuildFile; fileRef = 799F60311AB6660700D630F2 /* ldump.c */; };
		799F60671AB6660700D630F2 /* lfunc.c in Sources */ = {isa = PBXBuildFile; fileRef = 799F60321AB6660700D630F2 /* lfunc.c */; };
		799F60681AB6660700D630F2 /* lgc.c in Sources */ = {isa = PBXBuildFile; fileRef = 799F60341AB6660700D630F2 /* lgc.c */; };
		799F60691AB6660700D630F2 /* linit.c in Sources */ = {isa = PBXBuildFile; fileRef = 799F60361AB6660700D630F2 /* linit.c */; };
		799F606A1AB6660700D630F2 /* liolib.c in Sources */ = {isa = PBXBuildFile; fileRef = 799F60371AB6660700D630F2 /* liolib.c */; };
		799F606B1AB6660700D630F2 /* llex.c in Sources */ = {isa = PBXBuildFile; fileRef = 799F60381AB6660700D630F2 /* llex.c */; };
		799F606C1AB6660700D630F2 /* lmathlib.c in Sources */ = {isa = PBXBuildFile; fileRef = 799F603B1AB6660700D630F2 /* lmathlib.c */; };
		799F606D1AB6660700D630F2 /* lmem.c in Sources */ = {isa = PBXBuildFile; fileRef = 799F603C1AB6660700D630F2 /* lmem.c */; };
		799F606E1AB6660700D630F2 /* loadlib.c in Sources */ = {isa = PBXBuildFile; fileRef = 799F603E1AB6660700D630F2 /* loadlib.c */; };
		799F606F1AB6660700D630F2 /* lobject.c in Sources */ = {isa = PBXBuildFile; fileRef = 799F603F1AB6660700D630F2 /* lobject.c */; };
		799F60701AB6660700D630F2 /* lopcodes.c in Sources */ = {isa = PBXBuildFile; fileRef = 799F60411AB6660700D630F2 /* lopcodes.c */; };
		799F60711AB6660700D630F2 /* loslib.c in Sources */ = {isa = PBXBuildFile; fileRef = 799F60431AB6660700D630F2 /* loslib.c */; };
		799F60721AB6660700D630F2 /* lparser.c in Sources */ = {isa = PBXBuildFile; fileRef = 799F60441AB6660700D630F2 /* lparser.c */; };
		799F60731AB6660700D630F2 /* lstate.c in Sources */ = {isa = PBXBuildFile; fileRef = 799F60471AB6660700D630F2 /* lstate.c */; };
		799F60741AB6660700D630F2 /* lstring.c in Sources */ = {isa = PBXBuildFile; fileRef = 799F60491AB6660700D630F2 /* lstring.c */; };
		799F60751AB6660700D630F2 /* lstrlib.c in Sources */ = {isa = PBXBuildFile; fileRef = 799F604B1AB6660700D630F2 /* lstrlib.c */; };
		799F60761AB6660700D630F2 /* ltable.c in Sources */ = {isa = PBXBuildFile; fileRef = 799F604C1AB6660700D630F2 /* ltable.c */; };
		799F60771AB6660700D630F2 /* ltablib.c in Sources */ = {isa = PBXBuildFile; fileRef = 799F604E1AB6660700D630F2 /* ltablib.c */; };
		799F60781AB6660700D630F2 /* ltm.c in Sources */ = {isa = PBXBuildFile; fileRef = 799F604F1AB6660700D630F2 /* ltm.c */; };
		799F60791AB6660700D630F2 /* lundump.c in Sources */ = {isa = PBXBuildFile; fileRef = 799F60551AB6660700D630F2 /* lundump.c */; };
		799F607A1AB6660700D630F2 /* lutf8lib.c in Sources */ = {isa = PBXBuildFile; fileRef = 799F60571AB6660700D630F2 /* lutf8lib.c */; };
		799F607B1AB6660700D630F2 /* lvm.c in Sources */ = {isa = PBXBuildFile; fileRef = 799F60581AB6660700D630F2 /* lvm.c */; };
		799F607C1AB6660700D630F2 /* lzio.c in Sources */ = {isa = PBXBuildFile; fileRef = 799F605A1AB6660700D630F2 /* lzio.c */; };
		799F607E1AB6661800D630F2 /* Default-568h@2x.png in Resources */ = {isa = PBXBuildFile; fileRef = 799F607D1AB6661800D630F2 /* Default-568h@2x.png */; };
		799F60811AB669C600D630F2 /* winfw.c in Sources */ = {isa = PBXBuildFile; fileRef = 799F607F1AB669C600D630F2 /* winfw.c */; };
		799F60851AB66BE300D630F2 /* engine2dgame.c in Sources */ = {isa = PBXBuildFile; fileRef = 799F60831AB66BE300D630F2 /* engine2dgame.c */; };
		799F60881AB66E4700D630F2 /* fault.c in Sources */ = {isa = PBXBuildFile; fileRef = 799F60861AB66E4700D630F2 /* fault.c */; };
		799F608D1AB6810500D630F2 /* carray.c in Sources */ = {isa = PBXBuildFile; fileRef = 799F608B1AB6810500D630F2 /* carray.c */; };
		799F60901AB6860F00D630F2 /* log.c in Sources */ = {isa = PBXBuildFile; fileRef = 799F608E1AB6860F00D630F2 /* log.c */; };
		799F60941AB6892A00D630F2 /* ppm.c in Sources */ = {isa = PBXBuildFile; fileRef = 799F60921AB6892A00D630F2 /* ppm.c */; };
		799F60971AB68ACB00D630F2 /* render.c in Sources */ = {isa = PBXBuildFile; fileRef = 799F60951AB68ACB00D630F2 /* render.c */; };
		799F609A1AB68AD100D630F2 /* texture.c in Sources */ = {isa = PBXBuildFile; fileRef = 799F60981AB68AD100D630F2 /* texture.c */; };
		799F609D1AB69AF100D630F2 /* shader.c in Sources */ = {isa = PBXBuildFile; fileRef = 799F609B1AB69AF100D630F2 /* shader.c */; };
		799F60A01AB69CB200D630F2 /* renderbuffer.c in Sources */ = {isa = PBXBuildFile; fileRef = 799F609E1AB69CB200D630F2 /* renderbuffer.c */; };
		79B81EE91ABC1DDD00869331 /* dfont.c in Sources */ = {isa = PBXBuildFile; fileRef = 79B81EE71ABC1DDD00869331 /* dfont.c */; };
		79B81EEC1ABC1F3200869331 /* GLKit.framework in Frameworks */ = {isa = PBXBuildFile; fileRef = 79B81EEB1ABC1F3200869331 /* GLKit.framework */; };
		79B81EEE1ABC1F3700869331 /* OpenGLES.framework in Frameworks */ = {isa = PBXBuildFile; fileRef = 79B81EED1ABC1F3700869331 /* OpenGLES.framework */; };
		79B81EF01ABC1F3B00869331 /* CoreGraphics.framework in Frameworks */ = {isa = PBXBuildFile; fileRef = 79B81EEF1ABC1F3B00869331 /* CoreGraphics.framework */; };
		79B81EF21ABC203800869331 /* font.m in Sources */ = {isa = PBXBuildFile; fileRef = 79B81EF11ABC203800869331 /* font.m */; };
		79B81EF41ABC21C800869331 /* lsprite.c in Sources */ = {isa = PBXBuildFile; fileRef = 79B81EF31ABC21C800869331 /* lsprite.c */; };
		79B81EF61ABC223200869331 /* lrenderbuffer.c in Sources */ = {isa = PBXBuildFile; fileRef = 79B81EF51ABC223200869331 /* lrenderbuffer.c */; };
		79B81EF81ABC23B300869331 /* lparticle.c in Sources */ = {isa = PBXBuildFile; fileRef = 79B81EF71ABC23B300869331 /* lparticle.c */; };
		79B81EFA1ABC241400869331 /* particle.c in Sources */ = {isa = PBXBuildFile; fileRef = 79B81EF91ABC241400869331 /* particle.c */; };
		79D7A5371ABAC3AB0036A2DE /* lshader.c in Sources */ = {isa = PBXBuildFile; fileRef = 79D7A5361ABAC3AB0036A2DE /* lshader.c */; };
		79F499701AB7292F003E4997 /* screen.c in Sources */ = {isa = PBXBuildFile; fileRef = 79F4996E1AB7292F003E4997 /* screen.c */; };
		79F499971AB82F4F003E4997 /* label.c in Sources */ = {isa = PBXBuildFile; fileRef = 79F499951AB82F4F003E4997 /* label.c */; };
/* End PBXBuildFile section */

/* Begin PBXContainerItemProxy section */
		799F600F1AB6659E00D630F2 /* PBXContainerItemProxy */ = {
			isa = PBXContainerItemProxy;
			containerPortal = 799F5FED1AB6659E00D630F2 /* Project object */;
			proxyType = 1;
			remoteGlobalIDString = 799F5FF41AB6659E00D630F2;
			remoteInfo = engine2d;
		};
/* End PBXContainerItemProxy section */

/* Begin PBXFileReference section */
		7901DD731ABAF55200C4B89F /* sprite.c */ = {isa = PBXFileReference; fileEncoding = 4; lastKnownFileType = sourcecode.c.c; path = sprite.c; sourceTree = "<group>"; };
		7901DD741ABAF55200C4B89F /* sprite.h */ = {isa = PBXFileReference; fileEncoding = 4; lastKnownFileType = sourcecode.c.h; path = sprite.h; sourceTree = "<group>"; };
		7901DD761ABAF5F000C4B89F /* matrix.c */ = {isa = PBXFileReference; fileEncoding = 4; lastKnownFileType = sourcecode.c.c; path = matrix.c; sourceTree = "<group>"; };
		7901DD771ABAF5F000C4B89F /* matrix.h */ = {isa = PBXFileReference; fileEncoding = 4; lastKnownFileType = sourcecode.c.h; path = matrix.h; sourceTree = "<group>"; };
		7901DD791ABAF6C400C4B89F /* lmatrix.c */ = {isa = PBXFileReference; fileEncoding = 4; lastKnownFileType = sourcecode.c.c; path = lmatrix.c; sourceTree = "<group>"; };
		7901DD7A1ABAF6C400C4B89F /* lmatrix.h */ = {isa = PBXFileReference; fileEncoding = 4; lastKnownFileType = sourcecode.c.h; path = lmatrix.h; sourceTree = "<group>"; };
		7901DD7C1ABAFBC700C4B89F /* spritepack.c */ = {isa = PBXFileReference; fileEncoding = 4; lastKnownFileType = sourcecode.c.c; path = spritepack.c; sourceTree = "<group>"; };
		7901DD7D1ABAFBC700C4B89F /* spritepack.h */ = {isa = PBXFileReference; fileEncoding = 4; lastKnownFileType = sourcecode.c.h; path = spritepack.h; sourceTree = "<group>"; };
		792CEA301ABC111900CC9059 /* scissor.c */ = {isa = PBXFileReference; fileEncoding = 4; lastKnownFileType = sourcecode.c.c; path = scissor.c; sourceTree = "<group>"; };
		792CEA311ABC111900CC9059 /* scissor.h */ = {isa = PBXFileReference; fileEncoding = 4; lastKnownFileType = sourcecode.c.h; path = scissor.h; sourceTree = "<group>"; };
		799F5FF51AB6659E00D630F2 /* engine2d.app */ = {isa = PBXFileReference; explicitFileType = wrapper.application; includeInIndex = 0; path = engine2d.app; sourceTree = BUILT_PRODUCTS_DIR; };
		799F5FF91AB6659E00D630F2 /* Info.plist */ = {isa = PBXFileReference; lastKnownFileType = text.plist.xml; path = Info.plist; sourceTree = "<group>"; };
		799F5FFA1AB6659E00D630F2 /* main.m */ = {isa = PBXFileReference; lastKnownFileType = sourcecode.c.objc; path = main.m; sourceTree = "<group>"; };
		799F5FFC1AB6659E00D630F2 /* AppDelegate.h */ = {isa = PBXFileReference; lastKnownFileType = sourcecode.c.h; path = AppDelegate.h; sourceTree = "<group>"; };
		799F5FFD1AB6659E00D630F2 /* AppDelegate.m */ = {isa = PBXFileReference; lastKnownFileType = sourcecode.c.objc; path = AppDelegate.m; sourceTree = "<group>"; };
		799F5FFF1AB6659E00D630F2 /* ViewController.h */ = {isa = PBXFileReference; lastKnownFileType = sourcecode.c.h; path = ViewController.h; sourceTree = "<group>"; };
		799F60001AB6659E00D630F2 /* ViewController.m */ = {isa = PBXFileReference; lastKnownFileType = sourcecode.c.objc; path = ViewController.m; sourceTree = "<group>"; };
		799F60051AB6659E00D630F2 /* Images.xcassets */ = {isa = PBXFileReference; lastKnownFileType = folder.assetcatalog; path = Images.xcassets; sourceTree = "<group>"; };
		799F600E1AB6659E00D630F2 /* engine2dTests.xctest */ = {isa = PBXFileReference; explicitFileType = wrapper.cfbundle; includeInIndex = 0; path = engine2dTests.xctest; sourceTree = BUILT_PRODUCTS_DIR; };
		799F60131AB6659E00D630F2 /* Info.plist */ = {isa = PBXFileReference; lastKnownFileType = text.plist.xml; path = Info.plist; sourceTree = "<group>"; };
		799F60141AB6659E00D630F2 /* engine2dTests.m */ = {isa = PBXFileReference; lastKnownFileType = sourcecode.c.objc; path = engine2dTests.m; sourceTree = "<group>"; };
		799F60211AB6660700D630F2 /* lapi.c */ = {isa = PBXFileReference; fileEncoding = 4; lastKnownFileType = sourcecode.c.c; path = lapi.c; sourceTree = "<group>"; };
		799F60221AB6660700D630F2 /* lapi.h */ = {isa = PBXFileReference; fileEncoding = 4; lastKnownFileType = sourcecode.c.h; path = lapi.h; sourceTree = "<group>"; };
		799F60231AB6660700D630F2 /* lauxlib.c */ = {isa = PBXFileReference; fileEncoding = 4; lastKnownFileType = sourcecode.c.c; path = lauxlib.c; sourceTree = "<group>"; };
		799F60241AB6660700D630F2 /* lauxlib.h */ = {isa = PBXFileReference; fileEncoding = 4; lastKnownFileType = sourcecode.c.h; path = lauxlib.h; sourceTree = "<group>"; };
		799F60251AB6660700D630F2 /* lbaselib.c */ = {isa = PBXFileReference; fileEncoding = 4; lastKnownFileType = sourcecode.c.c; path = lbaselib.c; sourceTree = "<group>"; };
		799F60261AB6660700D630F2 /* lbitlib.c */ = {isa = PBXFileReference; fileEncoding = 4; lastKnownFileType = sourcecode.c.c; path = lbitlib.c; sourceTree = "<group>"; };
		799F60271AB6660700D630F2 /* lcode.c */ = {isa = PBXFileReference; fileEncoding = 4; lastKnownFileType = sourcecode.c.c; path = lcode.c; sourceTree = "<group>"; };
		799F60281AB6660700D630F2 /* lcode.h */ = {isa = PBXFileReference; fileEncoding = 4; lastKnownFileType = sourcecode.c.h; path = lcode.h; sourceTree = "<group>"; };
		799F60291AB6660700D630F2 /* lcorolib.c */ = {isa = PBXFileReference; fileEncoding = 4; lastKnownFileType = sourcecode.c.c; path = lcorolib.c; sourceTree = "<group>"; };
		799F602A1AB6660700D630F2 /* lctype.c */ = {isa = PBXFileReference; fileEncoding = 4; lastKnownFileType = sourcecode.c.c; path = lctype.c; sourceTree = "<group>"; };
		799F602B1AB6660700D630F2 /* lctype.h */ = {isa = PBXFileReference; fileEncoding = 4; lastKnownFileType = sourcecode.c.h; path = lctype.h; sourceTree = "<group>"; };
		799F602C1AB6660700D630F2 /* ldblib.c */ = {isa = PBXFileReference; fileEncoding = 4; lastKnownFileType = sourcecode.c.c; path = ldblib.c; sourceTree = "<group>"; };
		799F602D1AB6660700D630F2 /* ldebug.c */ = {isa = PBXFileReference; fileEncoding = 4; lastKnownFileType = sourcecode.c.c; path = ldebug.c; sourceTree = "<group>"; };
		799F602E1AB6660700D630F2 /* ldebug.h */ = {isa = PBXFileReference; fileEncoding = 4; lastKnownFileType = sourcecode.c.h; path = ldebug.h; sourceTree = "<group>"; };
		799F602F1AB6660700D630F2 /* ldo.c */ = {isa = PBXFileReference; fileEncoding = 4; lastKnownFileType = sourcecode.c.c; path = ldo.c; sourceTree = "<group>"; };
		799F60301AB6660700D630F2 /* ldo.h */ = {isa = PBXFileReference; fileEncoding = 4; lastKnownFileType = sourcecode.c.h; path = ldo.h; sourceTree = "<group>"; };
		799F60311AB6660700D630F2 /* ldump.c */ = {isa = PBXFileReference; fileEncoding = 4; lastKnownFileType = sourcecode.c.c; path = ldump.c; sourceTree = "<group>"; };
		799F60321AB6660700D630F2 /* lfunc.c */ = {isa = PBXFileReference; fileEncoding = 4; lastKnownFileType = sourcecode.c.c; path = lfunc.c; sourceTree = "<group>"; };
		799F60331AB6660700D630F2 /* lfunc.h */ = {isa = PBXFileReference; fileEncoding = 4; lastKnownFileType = sourcecode.c.h; path = lfunc.h; sourceTree = "<group>"; };
		799F60341AB6660700D630F2 /* lgc.c */ = {isa = PBXFileReference; fileEncoding = 4; lastKnownFileType = sourcecode.c.c; path = lgc.c; sourceTree = "<group>"; };
		799F60351AB6660700D630F2 /* lgc.h */ = {isa = PBXFileReference; fileEncoding = 4; lastKnownFileType = sourcecode.c.h; path = lgc.h; sourceTree = "<group>"; };
		799F60361AB6660700D630F2 /* linit.c */ = {isa = PBXFileReference; fileEncoding = 4; lastKnownFileType = sourcecode.c.c; path = linit.c; sourceTree = "<group>"; };
		799F60371AB6660700D630F2 /* liolib.c */ = {isa = PBXFileReference; fileEncoding = 4; lastKnownFileType = sourcecode.c.c; path = liolib.c; sourceTree = "<group>"; };
		799F60381AB6660700D630F2 /* llex.c */ = {isa = PBXFileReference; fileEncoding = 4; lastKnownFileType = sourcecode.c.c; path = llex.c; sourceTree = "<group>"; };
		799F60391AB6660700D630F2 /* llex.h */ = {isa = PBXFileReference; fileEncoding = 4; lastKnownFileType = sourcecode.c.h; path = llex.h; sourceTree = "<group>"; };
		799F603A1AB6660700D630F2 /* llimits.h */ = {isa = PBXFileReference; fileEncoding = 4; lastKnownFileType = sourcecode.c.h; path = llimits.h; sourceTree = "<group>"; };
		799F603B1AB6660700D630F2 /* lmathlib.c */ = {isa = PBXFileReference; fileEncoding = 4; lastKnownFileType = sourcecode.c.c; path = lmathlib.c; sourceTree = "<group>"; };
		799F603C1AB6660700D630F2 /* lmem.c */ = {isa = PBXFileReference; fileEncoding = 4; lastKnownFileType = sourcecode.c.c; path = lmem.c; sourceTree = "<group>"; };
		799F603D1AB6660700D630F2 /* lmem.h */ = {isa = PBXFileReference; fileEncoding = 4; lastKnownFileType = sourcecode.c.h; path = lmem.h; sourceTree = "<group>"; };
		799F603E1AB6660700D630F2 /* loadlib.c */ = {isa = PBXFileReference; fileEncoding = 4; lastKnownFileType = sourcecode.c.c; path = loadlib.c; sourceTree = "<group>"; };
		799F603F1AB6660700D630F2 /* lobject.c */ = {isa = PBXFileReference; fileEncoding = 4; lastKnownFileType = sourcecode.c.c; path = lobject.c; sourceTree = "<group>"; };
		799F60401AB6660700D630F2 /* lobject.h */ = {isa = PBXFileReference; fileEncoding = 4; lastKnownFileType = sourcecode.c.h; path = lobject.h; sourceTree = "<group>"; };
		799F60411AB6660700D630F2 /* lopcodes.c */ = {isa = PBXFileReference; fileEncoding = 4; lastKnownFileType = sourcecode.c.c; path = lopcodes.c; sourceTree = "<group>"; };
		799F60421AB6660700D630F2 /* lopcodes.h */ = {isa = PBXFileReference; fileEncoding = 4; lastKnownFileType = sourcecode.c.h; path = lopcodes.h; sourceTree = "<group>"; };
		799F60431AB6660700D630F2 /* loslib.c */ = {isa = PBXFileReference; fileEncoding = 4; lastKnownFileType = sourcecode.c.c; path = loslib.c; sourceTree = "<group>"; };
		799F60441AB6660700D630F2 /* lparser.c */ = {isa = PBXFileReference; fileEncoding = 4; lastKnownFileType = sourcecode.c.c; path = lparser.c; sourceTree = "<group>"; };
		799F60451AB6660700D630F2 /* lparser.h */ = {isa = PBXFileReference; fileEncoding = 4; lastKnownFileType = sourcecode.c.h; path = lparser.h; sourceTree = "<group>"; };
		799F60461AB6660700D630F2 /* lprefix.h */ = {isa = PBXFileReference; fileEncoding = 4; lastKnownFileType = sourcecode.c.h; path = lprefix.h; sourceTree = "<group>"; };
		799F60471AB6660700D630F2 /* lstate.c */ = {isa = PBXFileReference; fileEncoding = 4; lastKnownFileType = sourcecode.c.c; path = lstate.c; sourceTree = "<group>"; };
		799F60481AB6660700D630F2 /* lstate.h */ = {isa = PBXFileReference; fileEncoding = 4; lastKnownFileType = sourcecode.c.h; path = lstate.h; sourceTree = "<group>"; };
		799F60491AB6660700D630F2 /* lstring.c */ = {isa = PBXFileReference; fileEncoding = 4; lastKnownFileType = sourcecode.c.c; path = lstring.c; sourceTree = "<group>"; };
		799F604A1AB6660700D630F2 /* lstring.h */ = {isa = PBXFileReference; fileEncoding = 4; lastKnownFileType = sourcecode.c.h; path = lstring.h; sourceTree = "<group>"; };
		799F604B1AB6660700D630F2 /* lstrlib.c */ = {isa = PBXFileReference; fileEncoding = 4; lastKnownFileType = sourcecode.c.c; path = lstrlib.c; sourceTree = "<group>"; };
		799F604C1AB6660700D630F2 /* ltable.c */ = {isa = PBXFileReference; fileEncoding = 4; lastKnownFileType = sourcecode.c.c; path = ltable.c; sourceTree = "<group>"; };
		799F604D1AB6660700D630F2 /* ltable.h */ = {isa = PBXFileReference; fileEncoding = 4; lastKnownFileType = sourcecode.c.h; path = ltable.h; sourceTree = "<group>"; };
		799F604E1AB6660700D630F2 /* ltablib.c */ = {isa = PBXFileReference; fileEncoding = 4; lastKnownFileType = sourcecode.c.c; path = ltablib.c; sourceTree = "<group>"; };
		799F604F1AB6660700D630F2 /* ltm.c */ = {isa = PBXFileReference; fileEncoding = 4; lastKnownFileType = sourcecode.c.c; path = ltm.c; sourceTree = "<group>"; };
		799F60501AB6660700D630F2 /* ltm.h */ = {isa = PBXFileReference; fileEncoding = 4; lastKnownFileType = sourcecode.c.h; path = ltm.h; sourceTree = "<group>"; };
		799F60511AB6660700D630F2 /* lua.h */ = {isa = PBXFileReference; fileEncoding = 4; lastKnownFileType = sourcecode.c.h; path = lua.h; sourceTree = "<group>"; };
		799F60521AB6660700D630F2 /* lua.hpp */ = {isa = PBXFileReference; fileEncoding = 4; lastKnownFileType = sourcecode.cpp.h; path = lua.hpp; sourceTree = "<group>"; };
		799F60531AB6660700D630F2 /* luaconf.h */ = {isa = PBXFileReference; fileEncoding = 4; lastKnownFileType = sourcecode.c.h; path = luaconf.h; sourceTree = "<group>"; };
		799F60541AB6660700D630F2 /* lualib.h */ = {isa = PBXFileReference; fileEncoding = 4; lastKnownFileType = sourcecode.c.h; path = lualib.h; sourceTree = "<group>"; };
		799F60551AB6660700D630F2 /* lundump.c */ = {isa = PBXFileReference; fileEncoding = 4; lastKnownFileType = sourcecode.c.c; path = lundump.c; sourceTree = "<group>"; };
		799F60561AB6660700D630F2 /* lundump.h */ = {isa = PBXFileReference; fileEncoding = 4; lastKnownFileType = sourcecode.c.h; path = lundump.h; sourceTree = "<group>"; };
		799F60571AB6660700D630F2 /* lutf8lib.c */ = {isa = PBXFileReference; fileEncoding = 4; lastKnownFileType = sourcecode.c.c; path = lutf8lib.c; sourceTree = "<group>"; };
		799F60581AB6660700D630F2 /* lvm.c */ = {isa = PBXFileReference; fileEncoding = 4; lastKnownFileType = sourcecode.c.c; path = lvm.c; sourceTree = "<group>"; };
		799F60591AB6660700D630F2 /* lvm.h */ = {isa = PBXFileReference; fileEncoding = 4; lastKnownFileType = sourcecode.c.h; path = lvm.h; sourceTree = "<group>"; };
		799F605A1AB6660700D630F2 /* lzio.c */ = {isa = PBXFileReference; fileEncoding = 4; lastKnownFileType = sourcecode.c.c; path = lzio.c; sourceTree = "<group>"; };
		799F605B1AB6660700D630F2 /* lzio.h */ = {isa = PBXFileReference; fileEncoding = 4; lastKnownFileType = sourcecode.c.h; path = lzio.h; sourceTree = "<group>"; };
		799F607D1AB6661800D630F2 /* Default-568h@2x.png */ = {isa = PBXFileReference; lastKnownFileType = image.png; path = "Default-568h@2x.png"; sourceTree = "<group>"; };
		799F607F1AB669C600D630F2 /* winfw.c */ = {isa = PBXFileReference; fileEncoding = 4; lastKnownFileType = sourcecode.c.c; path = winfw.c; sourceTree = "<group>"; };
		799F60801AB669C600D630F2 /* winfw.h */ = {isa = PBXFileReference; fileEncoding = 4; lastKnownFileType = sourcecode.c.h; path = winfw.h; sourceTree = "<group>"; };
		799F60831AB66BE300D630F2 /* engine2dgame.c */ = {isa = PBXFileReference; fileEncoding = 4; lastKnownFileType = sourcecode.c.c; path = engine2dgame.c; sourceTree = "<group>"; };
		799F60841AB66BE300D630F2 /* engine2dgame.h */ = {isa = PBXFileReference; fileEncoding = 4; lastKnownFileType = sourcecode.c.h; path = engine2dgame.h; sourceTree = "<group>"; };
		799F60861AB66E4700D630F2 /* fault.c */ = {isa = PBXFileReference; fileEncoding = 4; lastKnownFileType = sourcecode.c.c; path = fault.c; sourceTree = "<group>"; };
		799F60871AB66E4700D630F2 /* fault.h */ = {isa = PBXFileReference; fileEncoding = 4; lastKnownFileType = sourcecode.c.h; path = fault.h; sourceTree = "<group>"; };
		799F60891AB66EB500D630F2 /* platform_print.h */ = {isa = PBXFileReference; lastKnownFileType = sourcecode.c.h; path = platform_print.h; sourceTree = "<group>"; };
		799F608A1AB680E900D630F2 /* array.h */ = {isa = PBXFileReference; lastKnownFileType = sourcecode.c.h; path = array.h; sourceTree = "<group>"; };
		799F608B1AB6810500D630F2 /* carray.c */ = {isa = PBXFileReference; fileEncoding = 4; lastKnownFileType = sourcecode.c.c; path = carray.c; sourceTree = "<group>"; };
		799F608C1AB6810500D630F2 /* carray.h */ = {isa = PBXFileReference; fileEncoding = 4; lastKnownFileType = sourcecode.c.h; path = carray.h; sourceTree = "<group>"; };
		799F608E1AB6860F00D630F2 /* log.c */ = {isa = PBXFileReference; fileEncoding = 4; lastKnownFileType = sourcecode.c.c; path = log.c; sourceTree = "<group>"; };
		799F608F1AB6860F00D630F2 /* log.h */ = {isa = PBXFileReference; fileEncoding = 4; lastKnownFileType = sourcecode.c.h; path = log.h; sourceTree = "<group>"; };
		799F60911AB6870F00D630F2 /* block.h */ = {isa = PBXFileReference; lastKnownFileType = sourcecode.c.h; path = block.h; sourceTree = "<group>"; };
		799F60921AB6892A00D630F2 /* ppm.c */ = {isa = PBXFileReference; fileEncoding = 4; lastKnownFileType = sourcecode.c.c; path = ppm.c; sourceTree = "<group>"; };
		799F60931AB6892A00D630F2 /* ppm.h */ = {isa = PBXFileReference; fileEncoding = 4; lastKnownFileType = sourcecode.c.h; path = ppm.h; sourceTree = "<group>"; };
		799F60951AB68ACB00D630F2 /* render.c */ = {isa = PBXFileReference; fileEncoding = 4; lastKnownFileType = sourcecode.c.c; path = render.c; sourceTree = "<group>"; };
		799F60961AB68ACB00D630F2 /* render.h */ = {isa = PBXFileReference; fileEncoding = 4; lastKnownFileType = sourcecode.c.h; path = render.h; sourceTree = "<group>"; };
		799F60981AB68AD100D630F2 /* texture.c */ = {isa = PBXFileReference; fileEncoding = 4; lastKnownFileType = sourcecode.c.c; path = texture.c; sourceTree = "<group>"; };
		799F60991AB68AD100D630F2 /* texture.h */ = {isa = PBXFileReference; fileEncoding = 4; lastKnownFileType = sourcecode.c.h; path = texture.h; sourceTree = "<group>"; };
		799F609B1AB69AF100D630F2 /* shader.c */ = {isa = PBXFileReference; fileEncoding = 4; lastKnownFileType = sourcecode.c.c; path = shader.c; sourceTree = "<group>"; };
		799F609C1AB69AF100D630F2 /* shader.h */ = {isa = PBXFileReference; fileEncoding = 4; lastKnownFileType = sourcecode.c.h; path = shader.h; sourceTree = "<group>"; };
		799F609E1AB69CB200D630F2 /* renderbuffer.c */ = {isa = PBXFileReference; fileEncoding = 4; lastKnownFileType = sourcecode.c.c; path = renderbuffer.c; sourceTree = "<group>"; };
		799F609F1AB69CB200D630F2 /* renderbuffer.h */ = {isa = PBXFileReference; fileEncoding = 4; lastKnownFileType = sourcecode.c.h; path = renderbuffer.h; sourceTree = "<group>"; };
		799F60A11AB6AB4E00D630F2 /* opengl.h */ = {isa = PBXFileReference; lastKnownFileType = sourcecode.c.h; path = opengl.h; sourceTree = "<group>"; };
		79B81EE61ABC1D4200869331 /* particle.h */ = {isa = PBXFileReference; lastKnownFileType = sourcecode.c.h; path = particle.h; sourceTree = "<group>"; };
		79B81EE71ABC1DDD00869331 /* dfont.c */ = {isa = PBXFileReference; fileEncoding = 4; lastKnownFileType = sourcecode.c.c; path = dfont.c; sourceTree = "<group>"; };
		79B81EE81ABC1DDD00869331 /* dfont.h */ = {isa = PBXFileReference; fileEncoding = 4; lastKnownFileType = sourcecode.c.h; path = dfont.h; sourceTree = "<group>"; };
		79B81EEA1ABC1E0F00869331 /* list.h */ = {isa = PBXFileReference; lastKnownFileType = sourcecode.c.h; path = list.h; sourceTree = "<group>"; };
		79B81EEB1ABC1F3200869331 /* GLKit.framework */ = {isa = PBXFileReference; lastKnownFileType = wrapper.framework; name = GLKit.framework; path = System/Library/Frameworks/GLKit.framework; sourceTree = SDKROOT; };
		79B81EED1ABC1F3700869331 /* OpenGLES.framework */ = {isa = PBXFileReference; lastKnownFileType = wrapper.framework; name = OpenGLES.framework; path = System/Library/Frameworks/OpenGLES.framework; sourceTree = SDKROOT; };
		79B81EEF1ABC1F3B00869331 /* CoreGraphics.framework */ = {isa = PBXFileReference; lastKnownFileType = wrapper.framework; name = CoreGraphics.framework; path = System/Library/Frameworks/CoreGraphics.framework; sourceTree = SDKROOT; };
		79B81EF11ABC203800869331 /* font.m */ = {isa = PBXFileReference; fileEncoding = 4; lastKnownFileType = sourcecode.c.objc; path = font.m; sourceTree = "<group>"; };
		79B81EF31ABC21C800869331 /* lsprite.c */ = {isa = PBXFileReference; fileEncoding = 4; lastKnownFileType = sourcecode.c.c; path = lsprite.c; sourceTree = "<group>"; };
		79B81EF51ABC223200869331 /* lrenderbuffer.c */ = {isa = PBXFileReference; fileEncoding = 4; lastKnownFileType = sourcecode.c.c; path = lrenderbuffer.c; sourceTree = "<group>"; };
		79B81EF71ABC23B300869331 /* lparticle.c */ = {isa = PBXFileReference; fileEncoding = 4; lastKnownFileType = sourcecode.c.c; path = lparticle.c; sourceTree = "<group>"; };
		79B81EF91ABC241400869331 /* particle.c */ = {isa = PBXFileReference; fileEncoding = 4; lastKnownFileType = sourcecode.c.c; path = particle.c; sourceTree = "<group>"; };
		79B854491AB92108007D764D /* material.h */ = {isa = PBXFileReference; fileEncoding = 4; lastKnownFileType = sourcecode.c.h; path = material.h; sourceTree = "<group>"; };
		79D7A5361ABAC3AB0036A2DE /* lshader.c */ = {isa = PBXFileReference; fileEncoding = 4; lastKnownFileType = sourcecode.c.c; path = lshader.c; sourceTree = "<group>"; };
		79F4996E1AB7292F003E4997 /* screen.c */ = {isa = PBXFileReference; fileEncoding = 4; lastKnownFileType = sourcecode.c.c; path = screen.c; sourceTree = "<group>"; };
		79F4996F1AB7292F003E4997 /* screen.h */ = {isa = PBXFileReference; fileEncoding = 4; lastKnownFileType = sourcecode.c.h; path = screen.h; sourceTree = "<group>"; };
		79F499951AB82F4F003E4997 /* label.c */ = {isa = PBXFileReference; fileEncoding = 4; lastKnownFileType = sourcecode.c.c; path = label.c; sourceTree = "<group>"; };
		79F499961AB82F4F003E4997 /* label.h */ = {isa = PBXFileReference; fileEncoding = 4; lastKnownFileType = sourcecode.c.h; path = label.h; sourceTree = "<group>"; };
		79F499981AB840BB003E4997 /* blend.h */ = {isa = PBXFileReference; lastKnownFileType = sourcecode.c.h; path = blend.h; sourceTree = "<group>"; };
/* End PBXFileReference section */

/* Begin PBXFrameworksBuildPhase section */
		799F5FF21AB6659E00D630F2 /* Frameworks */ = {
			isa = PBXFrameworksBuildPhase;
			buildActionMask = 2147483647;
			files = (
				79B81EF01ABC1F3B00869331 /* CoreGraphics.framework in Frameworks */,
				79B81EEE1ABC1F3700869331 /* OpenGLES.framework in Frameworks */,
				79B81EEC1ABC1F3200869331 /* GLKit.framework in Frameworks */,
			);
			runOnlyForDeploymentPostprocessing = 0;
		};
		799F600B1AB6659E00D630F2 /* Frameworks */ = {
			isa = PBXFrameworksBuildPhase;
			buildActionMask = 2147483647;
			files = (
			);
			runOnlyForDeploymentPostprocessing = 0;
		};
/* End PBXFrameworksBuildPhase section */

/* Begin PBXGroup section */
		799F5FEC1AB6659E00D630F2 = {
			isa = PBXGroup;
			children = (
				79B81EEF1ABC1F3B00869331 /* CoreGraphics.framework */,
				79B81EED1ABC1F3700869331 /* OpenGLES.framework */,
				79B81EEB1ABC1F3200869331 /* GLKit.framework */,
				799F607D1AB6661800D630F2 /* Default-568h@2x.png */,
				799F5FF71AB6659E00D630F2 /* engine2d */,
				799F60111AB6659E00D630F2 /* engine2dTests */,
				799F5FF61AB6659E00D630F2 /* Products */,
			);
			sourceTree = "<group>";
		};
		799F5FF61AB6659E00D630F2 /* Products */ = {
			isa = PBXGroup;
			children = (
				799F5FF51AB6659E00D630F2 /* engine2d.app */,
				799F600E1AB6659E00D630F2 /* engine2dTests.xctest */,
			);
			name = Products;
			sourceTree = "<group>";
		};
		799F5FF71AB6659E00D630F2 /* engine2d */ = {
			isa = PBXGroup;
			children = (
				799F60821AB66B1D00D630F2 /* lib */,
				799F60201AB6660700D630F2 /* lua */,
				799F5FFC1AB6659E00D630F2 /* AppDelegate.h */,
				799F5FFD1AB6659E00D630F2 /* AppDelegate.m */,
				799F5FFF1AB6659E00D630F2 /* ViewController.h */,
				799F60001AB6659E00D630F2 /* ViewController.m */,
				79B81EF11ABC203800869331 /* font.m */,
				799F607F1AB669C600D630F2 /* winfw.c */,
				799F60801AB669C600D630F2 /* winfw.h */,
				799F60051AB6659E00D630F2 /* Images.xcassets */,
				799F5FF81AB6659E00D630F2 /* Supporting Files */,
			);
			path = engine2d;
			sourceTree = "<group>";
		};
		799F5FF81AB6659E00D630F2 /* Supporting Files */ = {
			isa = PBXGroup;
			children = (
				799F5FF91AB6659E00D630F2 /* Info.plist */,
				799F5FFA1AB6659E00D630F2 /* main.m */,
			);
			name = "Supporting Files";
			sourceTree = "<group>";
		};
		799F60111AB6659E00D630F2 /* engine2dTests */ = {
			isa = PBXGroup;
			children = (
				799F60141AB6659E00D630F2 /* engine2dTests.m */,
				799F60121AB6659E00D630F2 /* Supporting Files */,
			);
			path = engine2dTests;
			sourceTree = "<group>";
		};
		799F60121AB6659E00D630F2 /* Supporting Files */ = {
			isa = PBXGroup;
			children = (
				799F60131AB6659E00D630F2 /* Info.plist */,
			);
			name = "Supporting Files";
			sourceTree = "<group>";
		};
		799F60201AB6660700D630F2 /* lua */ = {
			isa = PBXGroup;
			children = (
				799F60211AB6660700D630F2 /* lapi.c */,
				799F60221AB6660700D630F2 /* lapi.h */,
				799F60231AB6660700D630F2 /* lauxlib.c */,
				799F60241AB6660700D630F2 /* lauxlib.h */,
				799F60251AB6660700D630F2 /* lbaselib.c */,
				799F60261AB6660700D630F2 /* lbitlib.c */,
				799F60271AB6660700D630F2 /* lcode.c */,
				799F60281AB6660700D630F2 /* lcode.h */,
				799F60291AB6660700D630F2 /* lcorolib.c */,
				799F602A1AB6660700D630F2 /* lctype.c */,
				799F602B1AB6660700D630F2 /* lctype.h */,
				799F602C1AB6660700D630F2 /* ldblib.c */,
				799F602D1AB6660700D630F2 /* ldebug.c */,
				799F602E1AB6660700D630F2 /* ldebug.h */,
				799F602F1AB6660700D630F2 /* ldo.c */,
				799F60301AB6660700D630F2 /* ldo.h */,
				799F60311AB6660700D630F2 /* ldump.c */,
				799F60321AB6660700D630F2 /* lfunc.c */,
				799F60331AB6660700D630F2 /* lfunc.h */,
				799F60341AB6660700D630F2 /* lgc.c */,
				799F60351AB6660700D630F2 /* lgc.h */,
				799F60361AB6660700D630F2 /* linit.c */,
				799F60371AB6660700D630F2 /* liolib.c */,
				799F60381AB6660700D630F2 /* llex.c */,
				799F60391AB6660700D630F2 /* llex.h */,
				799F603A1AB6660700D630F2 /* llimits.h */,
				799F603B1AB6660700D630F2 /* lmathlib.c */,
				799F603C1AB6660700D630F2 /* lmem.c */,
				799F603D1AB6660700D630F2 /* lmem.h */,
				799F603E1AB6660700D630F2 /* loadlib.c */,
				799F603F1AB6660700D630F2 /* lobject.c */,
				799F60401AB6660700D630F2 /* lobject.h */,
				799F60411AB6660700D630F2 /* lopcodes.c */,
				799F60421AB6660700D630F2 /* lopcodes.h */,
				799F60431AB6660700D630F2 /* loslib.c */,
				799F60441AB6660700D630F2 /* lparser.c */,
				799F60451AB6660700D630F2 /* lparser.h */,
				799F60461AB6660700D630F2 /* lprefix.h */,
				799F60471AB6660700D630F2 /* lstate.c */,
				799F60481AB6660700D630F2 /* lstate.h */,
				799F60491AB6660700D630F2 /* lstring.c */,
				799F604A1AB6660700D630F2 /* lstring.h */,
				799F604B1AB6660700D630F2 /* lstrlib.c */,
				799F604C1AB6660700D630F2 /* ltable.c */,
				799F604D1AB6660700D630F2 /* ltable.h */,
				799F604E1AB6660700D630F2 /* ltablib.c */,
				799F604F1AB6660700D630F2 /* ltm.c */,
				799F60501AB6660700D630F2 /* ltm.h */,
				799F60511AB6660700D630F2 /* lua.h */,
				799F60521AB6660700D630F2 /* lua.hpp */,
				799F60531AB6660700D630F2 /* luaconf.h */,
				799F60541AB6660700D630F2 /* lualib.h */,
				799F60551AB6660700D630F2 /* lundump.c */,
				799F60561AB6660700D630F2 /* lundump.h */,
				799F60571AB6660700D630F2 /* lutf8lib.c */,
				799F60581AB6660700D630F2 /* lvm.c */,
				799F60591AB6660700D630F2 /* lvm.h */,
				799F605A1AB6660700D630F2 /* lzio.c */,
				799F605B1AB6660700D630F2 /* lzio.h */,
			);
			name = lua;
			path = ../../ClientEngine/readingejoy2d/lua;
			sourceTree = "<group>";
		};
		799F60821AB66B1D00D630F2 /* lib */ = {
			isa = PBXGroup;
			children = (
				799F60831AB66BE300D630F2 /* engine2dgame.c */,
				799F60841AB66BE300D630F2 /* engine2dgame.h */,
				799F60861AB66E4700D630F2 /* fault.c */,
				799F60871AB66E4700D630F2 /* fault.h */,
				799F60891AB66EB500D630F2 /* platform_print.h */,
				79F499981AB840BB003E4997 /* blend.h */,
				799F608A1AB680E900D630F2 /* array.h */,
				799F608B1AB6810500D630F2 /* carray.c */,
				799F608C1AB6810500D630F2 /* carray.h */,
				799F608E1AB6860F00D630F2 /* log.c */,
				799F608F1AB6860F00D630F2 /* log.h */,
				799F60911AB6870F00D630F2 /* block.h */,
				799F60921AB6892A00D630F2 /* ppm.c */,
				799F60931AB6892A00D630F2 /* ppm.h */,
				799F60951AB68ACB00D630F2 /* render.c */,
				799F60961AB68ACB00D630F2 /* render.h */,
				799F60981AB68AD100D630F2 /* texture.c */,
				799F60991AB68AD100D630F2 /* texture.h */,
				79D7A5361ABAC3AB0036A2DE /* lshader.c */,
				799F609B1AB69AF100D630F2 /* shader.c */,
				799F609C1AB69AF100D630F2 /* shader.h */,
				79B81EF51ABC223200869331 /* lrenderbuffer.c */,
				799F609E1AB69CB200D630F2 /* renderbuffer.c */,
				799F609F1AB69CB200D630F2 /* renderbuffer.h */,
				799F60A11AB6AB4E00D630F2 /* opengl.h */,
				79F4996E1AB7292F003E4997 /* screen.c */,
				79F4996F1AB7292F003E4997 /* screen.h */,
				79F499951AB82F4F003E4997 /* label.c */,
				79F499961AB82F4F003E4997 /* label.h */,
				79B854491AB92108007D764D /* material.h */,
				79B81EF31ABC21C800869331 /* lsprite.c */,
				7901DD731ABAF55200C4B89F /* sprite.c */,
				7901DD741ABAF55200C4B89F /* sprite.h */,
				7901DD761ABAF5F000C4B89F /* matrix.c */,
				7901DD771ABAF5F000C4B89F /* matrix.h */,
				7901DD791ABAF6C400C4B89F /* lmatrix.c */,
				7901DD7A1ABAF6C400C4B89F /* lmatrix.h */,
				7901DD7C1ABAFBC700C4B89F /* spritepack.c */,
				7901DD7D1ABAFBC700C4B89F /* spritepack.h */,
				792CEA301ABC111900CC9059 /* scissor.c */,
				792CEA311ABC111900CC9059 /* scissor.h */,
				79B81EF71ABC23B300869331 /* lparticle.c */,
				79B81EF91ABC241400869331 /* particle.c */,
				79B81EE61ABC1D4200869331 /* particle.h */,
				79B81EE71ABC1DDD00869331 /* dfont.c */,
				79B81EE81ABC1DDD00869331 /* dfont.h */,
				79B81EEA1ABC1E0F00869331 /* list.h */,
			);
			path = lib;
			sourceTree = "<group>";
		};
/* End PBXGroup section */

/* Begin PBXNativeTarget section */
		799F5FF41AB6659E00D630F2 /* engine2d */ = {
			isa = PBXNativeTarget;
			buildConfigurationList = 799F60181AB6659E00D630F2 /* Build configuration list for PBXNativeTarget "engine2d" */;
			buildPhases = (
				799F5FF11AB6659E00D630F2 /* Sources */,
				799F5FF21AB6659E00D630F2 /* Frameworks */,
				799F5FF31AB6659E00D630F2 /* Resources */,
			);
			buildRules = (
			);
			dependencies = (
			);
			name = engine2d;
			productName = engine2d;
			productReference = 799F5FF51AB6659E00D630F2 /* engine2d.app */;
			productType = "com.apple.product-type.application";
		};
		799F600D1AB6659E00D630F2 /* engine2dTests */ = {
			isa = PBXNativeTarget;
			buildConfigurationList = 799F601B1AB6659E00D630F2 /* Build configuration list for PBXNativeTarget "engine2dTests" */;
			buildPhases = (
				799F600A1AB6659E00D630F2 /* Sources */,
				799F600B1AB6659E00D630F2 /* Frameworks */,
				799F600C1AB6659E00D630F2 /* Resources */,
			);
			buildRules = (
			);
			dependencies = (
				799F60101AB6659E00D630F2 /* PBXTargetDependency */,
			);
			name = engine2dTests;
			productName = engine2dTests;
			productReference = 799F600E1AB6659E00D630F2 /* engine2dTests.xctest */;
			productType = "com.apple.product-type.bundle.unit-test";
		};
/* End PBXNativeTarget section */

/* Begin PBXProject section */
		799F5FED1AB6659E00D630F2 /* Project object */ = {
			isa = PBXProject;
			attributes = {
				LastUpgradeCheck = 0610;
				ORGANIZATIONNAME = liutianshx;
				TargetAttributes = {
					799F5FF41AB6659E00D630F2 = {
						CreatedOnToolsVersion = 6.1;
					};
					799F600D1AB6659E00D630F2 = {
						CreatedOnToolsVersion = 6.1;
						TestTargetID = 799F5FF41AB6659E00D630F2;
					};
				};
			};
			buildConfigurationList = 799F5FF01AB6659E00D630F2 /* Build configuration list for PBXProject "engine2d" */;
			compatibilityVersion = "Xcode 3.2";
			developmentRegion = English;
			hasScannedForEncodings = 0;
			knownRegions = (
				en,
				Base,
			);
			mainGroup = 799F5FEC1AB6659E00D630F2;
			productRefGroup = 799F5FF61AB6659E00D630F2 /* Products */;
			projectDirPath = "";
			projectRoot = "";
			targets = (
				799F5FF41AB6659E00D630F2 /* engine2d */,
				799F600D1AB6659E00D630F2 /* engine2dTests */,
			);
		};
/* End PBXProject section */

/* Begin PBXResourcesBuildPhase section */
		799F5FF31AB6659E00D630F2 /* Resources */ = {
			isa = PBXResourcesBuildPhase;
			buildActionMask = 2147483647;
			files = (
				799F60061AB6659E00D630F2 /* Images.xcassets in Resources */,
				799F607E1AB6661800D630F2 /* Default-568h@2x.png in Resources */,
			);
			runOnlyForDeploymentPostprocessing = 0;
		};
		799F600C1AB6659E00D630F2 /* Resources */ = {
			isa = PBXResourcesBuildPhase;
			buildActionMask = 2147483647;
			files = (
			);
			runOnlyForDeploymentPostprocessing = 0;
		};
/* End PBXResourcesBuildPhase section */

/* Begin PBXSourcesBuildPhase section */
		799F5FF11AB6659E00D630F2 /* Sources */ = {
			isa = PBXSourcesBuildPhase;
			buildActionMask = 2147483647;
			files = (
				799F606A1AB6660700D630F2 /* liolib.c in Sources */,
				799F60671AB6660700D630F2 /* lfunc.c in Sources */,
				799F60651AB6660700D630F2 /* ldo.c in Sources */,
				799F609A1AB68AD100D630F2 /* texture.c in Sources */,
				799F60781AB6660700D630F2 /* ltm.c in Sources */,
				799F60791AB6660700D630F2 /* lundump.c in Sources */,
				799F60621AB6660700D630F2 /* lctype.c in Sources */,
				79D7A5371ABAC3AB0036A2DE /* lshader.c in Sources */,
				799F60701AB6660700D630F2 /* lopcodes.c in Sources */,
				799F60741AB6660700D630F2 /* lstring.c in Sources */,
				799F60691AB6660700D630F2 /* linit.c in Sources */,
				799F606E1AB6660700D630F2 /* loadlib.c in Sources */,
				799F60011AB6659E00D630F2 /* ViewController.m in Sources */,
				799F605F1AB6660700D630F2 /* lbitlib.c in Sources */,
				799F609D1AB69AF100D630F2 /* shader.c in Sources */,
				79B81EFA1ABC241400869331 /* particle.c in Sources */,
				799F607B1AB6660700D630F2 /* lvm.c in Sources */,
				799F606F1AB6660700D630F2 /* lobject.c in Sources */,
				79F499701AB7292F003E4997 /* screen.c in Sources */,
				799F605C1AB6660700D630F2 /* lapi.c in Sources */,
				7901DD7B1ABAF6C400C4B89F /* lmatrix.c in Sources */,
				799F60641AB6660700D630F2 /* ldebug.c in Sources */,
				799F607A1AB6660700D630F2 /* lutf8lib.c in Sources */,
				799F607C1AB6660700D630F2 /* lzio.c in Sources */,
				79B81EF81ABC23B300869331 /* lparticle.c in Sources */,
				799F60751AB6660700D630F2 /* lstrlib.c in Sources */,
				7901DD7E1ABAFBC700C4B89F /* spritepack.c in Sources */,
				79B81EF41ABC21C800869331 /* lsprite.c in Sources */,
				799F60811AB669C600D630F2 /* winfw.c in Sources */,
				799F60901AB6860F00D630F2 /* log.c in Sources */,
				79F499971AB82F4F003E4997 /* label.c in Sources */,
				7901DD781ABAF5F000C4B89F /* matrix.c in Sources */,
				799F5FFE1AB6659E00D630F2 /* AppDelegate.m in Sources */,
				79B81EF21ABC203800869331 /* font.m in Sources */,
				799F60851AB66BE300D630F2 /* engine2dgame.c in Sources */,
				799F605D1AB6660700D630F2 /* lauxlib.c in Sources */,
				799F60731AB6660700D630F2 /* lstate.c in Sources */,
				799F606B1AB6660700D630F2 /* llex.c in Sources */,
				799F5FFB1AB6659E00D630F2 /* main.m in Sources */,
				799F606D1AB6660700D630F2 /* lmem.c in Sources */,
				79B81EF61ABC223200869331 /* lrenderbuffer.c in Sources */,
				799F60881AB66E4700D630F2 /* fault.c in Sources */,
				7901DD751ABAF55200C4B89F /* sprite.c in Sources */,
				799F60971AB68ACB00D630F2 /* render.c in Sources */,
				799F60631AB6660700D630F2 /* ldblib.c in Sources */,
				799F60761AB6660700D630F2 /* ltable.c in Sources */,
				799F60661AB6660700D630F2 /* ldump.c in Sources */,
				799F60A01AB69CB200D630F2 /* renderbuffer.c in Sources */,
				799F60721AB6660700D630F2 /* lparser.c in Sources */,
				799F60941AB6892A00D630F2 /* ppm.c in Sources */,
				79B81EE91ABC1DDD00869331 /* dfont.c in Sources */,
				799F60711AB6660700D630F2 /* loslib.c in Sources */,
				792CEA321ABC111900CC9059 /* scissor.c in Sources */,
				799F60681AB6660700D630F2 /* lgc.c in Sources */,
				799F606C1AB6660700D630F2 /* lmathlib.c in Sources */,
				799F608D1AB6810500D630F2 /* carray.c in Sources */,
				799F60771AB6660700D630F2 /* ltablib.c in Sources */,
				799F60611AB6660700D630F2 /* lcorolib.c in Sources */,
				799F605E1AB6660700D630F2 /* lbaselib.c in Sources */,
				799F60601AB6660700D630F2 /* lcode.c in Sources */,
			);
			runOnlyForDeploymentPostprocessing = 0;
		};
		799F600A1AB6659E00D630F2 /* Sources */ = {
			isa = PBXSourcesBuildPhase;
			buildActionMask = 2147483647;
			files = (
				799F60151AB6659E00D630F2 /* engine2dTests.m in Sources */,
			);
			runOnlyForDeploymentPostprocessing = 0;
		};
/* End PBXSourcesBuildPhase section */

/* Begin PBXTargetDependency section */
		799F60101AB6659E00D630F2 /* PBXTargetDependency */ = {
			isa = PBXTargetDependency;
			target = 799F5FF41AB6659E00D630F2 /* engine2d */;
			targetProxy = 799F600F1AB6659E00D630F2 /* PBXContainerItemProxy */;
		};
/* End PBXTargetDependency section */

/* Begin XCBuildConfiguration section */
		799F60161AB6659E00D630F2 /* Debug */ = {
			isa = XCBuildConfiguration;
			buildSettings = {
				ALWAYS_SEARCH_USER_PATHS = NO;
				CLANG_CXX_LANGUAGE_STANDARD = "gnu++0x";
				CLANG_CXX_LIBRARY = "libc++";
				CLANG_ENABLE_MODULES = YES;
				CLANG_ENABLE_OBJC_ARC = YES;
				CLANG_WARN_BOOL_CONVERSION = YES;
				CLANG_WARN_CONSTANT_CONVERSION = YES;
				CLANG_WARN_DIRECT_OBJC_ISA_USAGE = YES_ERROR;
				CLANG_WARN_EMPTY_BODY = YES;
				CLANG_WARN_ENUM_CONVERSION = YES;
				CLANG_WARN_INT_CONVERSION = YES;
				CLANG_WARN_OBJC_ROOT_CLASS = YES_ERROR;
				CLANG_WARN_UNREACHABLE_CODE = YES;
				CLANG_WARN__DUPLICATE_METHOD_MATCH = YES;
				"CODE_SIGN_IDENTITY[sdk=iphoneos*]" = "iPhone Developer";
				COPY_PHASE_STRIP = NO;
				ENABLE_STRICT_OBJC_MSGSEND = YES;
				GCC_C_LANGUAGE_STANDARD = gnu99;
				GCC_DYNAMIC_NO_PIC = NO;
				GCC_OPTIMIZATION_LEVEL = 0;
				GCC_PREPROCESSOR_DEFINITIONS = (
					"DEBUG=1",
					"$(inherited)",
				);
				GCC_SYMBOLS_PRIVATE_EXTERN = NO;
				GCC_WARN_64_TO_32_BIT_CONVERSION = YES;
				GCC_WARN_ABOUT_RETURN_TYPE = YES_ERROR;
				GCC_WARN_UNDECLARED_SELECTOR = YES;
				GCC_WARN_UNINITIALIZED_AUTOS = YES_AGGRESSIVE;
				GCC_WARN_UNUSED_FUNCTION = YES;
				GCC_WARN_UNUSED_VARIABLE = YES;
				IPHONEOS_DEPLOYMENT_TARGET = 8.1;
				MTL_ENABLE_DEBUG_INFO = YES;
				ONLY_ACTIVE_ARCH = YES;
				SDKROOT = iphoneos;
			};
			name = Debug;
		};
		799F60171AB6659E00D630F2 /* Release */ = {
			isa = XCBuildConfiguration;
			buildSettings = {
				ALWAYS_SEARCH_USER_PATHS = NO;
				CLANG_CXX_LANGUAGE_STANDARD = "gnu++0x";
				CLANG_CXX_LIBRARY = "libc++";
				CLANG_ENABLE_MODULES = YES;
				CLANG_ENABLE_OBJC_ARC = YES;
				CLANG_WARN_BOOL_CONVERSION = YES;
				CLANG_WARN_CONSTANT_CONVERSION = YES;
				CLANG_WARN_DIRECT_OBJC_ISA_USAGE = YES_ERROR;
				CLANG_WARN_EMPTY_BODY = YES;
				CLANG_WARN_ENUM_CONVERSION = YES;
				CLANG_WARN_INT_CONVERSION = YES;
				CLANG_WARN_OBJC_ROOT_CLASS = YES_ERROR;
				CLANG_WARN_UNREACHABLE_CODE = YES;
				CLANG_WARN__DUPLICATE_METHOD_MATCH = YES;
				"CODE_SIGN_IDENTITY[sdk=iphoneos*]" = "iPhone Developer";
				COPY_PHASE_STRIP = YES;
				ENABLE_NS_ASSERTIONS = NO;
				ENABLE_STRICT_OBJC_MSGSEND = YES;
				GCC_C_LANGUAGE_STANDARD = gnu99;
				GCC_WARN_64_TO_32_BIT_CONVERSION = YES;
				GCC_WARN_ABOUT_RETURN_TYPE = YES_ERROR;
				GCC_WARN_UNDECLARED_SELECTOR = YES;
				GCC_WARN_UNINITIALIZED_AUTOS = YES_AGGRESSIVE;
				GCC_WARN_UNUSED_FUNCTION = YES;
				GCC_WARN_UNUSED_VARIABLE = YES;
				IPHONEOS_DEPLOYMENT_TARGET = 8.1;
				MTL_ENABLE_DEBUG_INFO = NO;
				SDKROOT = iphoneos;
				VALIDATE_PRODUCT = YES;
			};
			name = Release;
		};
		799F60191AB6659E00D630F2 /* Debug */ = {
			isa = XCBuildConfiguration;
			buildSettings = {
				ASSETCATALOG_COMPILER_APPICON_NAME = AppIcon;
				INFOPLIST_FILE = engine2d/Info.plist;
				LD_RUNPATH_SEARCH_PATHS = "$(inherited) @executable_path/Frameworks";
				PRODUCT_NAME = "$(TARGET_NAME)";
			};
			name = Debug;
		};
		799F601A1AB6659E00D630F2 /* Release */ = {
			isa = XCBuildConfiguration;
			buildSettings = {
				ASSETCATALOG_COMPILER_APPICON_NAME = AppIcon;
				INFOPLIST_FILE = engine2d/Info.plist;
				LD_RUNPATH_SEARCH_PATHS = "$(inherited) @executable_path/Frameworks";
				PRODUCT_NAME = "$(TARGET_NAME)";
			};
			name = Release;
		};
		799F601C1AB6659E00D630F2 /* Debug */ = {
			isa = XCBuildConfiguration;
			buildSettings = {
				BUNDLE_LOADER = "$(TEST_HOST)";
				FRAMEWORK_SEARCH_PATHS = (
					"$(SDKROOT)/Developer/Library/Frameworks",
					"$(inherited)",
				);
				GCC_PREPROCESSOR_DEFINITIONS = (
					"DEBUG=1",
					"$(inherited)",
				);
				INFOPLIST_FILE = engine2dTests/Info.plist;
				LD_RUNPATH_SEARCH_PATHS = "$(inherited) @executable_path/Frameworks @loader_path/Frameworks";
				PRODUCT_NAME = "$(TARGET_NAME)";
				TEST_HOST = "$(BUILT_PRODUCTS_DIR)/engine2d.app/engine2d";
			};
			name = Debug;
		};
		799F601D1AB6659E00D630F2 /* Release */ = {
			isa = XCBuildConfiguration;
			buildSettings = {
				BUNDLE_LOADER = "$(TEST_HOST)";
				FRAMEWORK_SEARCH_PATHS = (
					"$(SDKROOT)/Developer/Library/Frameworks",
					"$(inherited)",
				);
				INFOPLIST_FILE = engine2dTests/Info.plist;
				LD_RUNPATH_SEARCH_PATHS = "$(inherited) @executable_path/Frameworks @loader_path/Frameworks";
				PRODUCT_NAME = "$(TARGET_NAME)";
				TEST_HOST = "$(BUILT_PRODUCTS_DIR)/engine2d.app/engine2d";
			};
			name = Release;
		};
/* End XCBuildConfiguration section */

/* Begin XCConfigurationList section */
		799F5FF01AB6659E00D630F2 /* Build configuration list for PBXProject "engine2d" */ = {
			isa = XCConfigurationList;
			buildConfigurations = (
				799F60161AB6659E00D630F2 /* Debug */,
				799F60171AB6659E00D630F2 /* Release */,
			);
			defaultConfigurationIsVisible = 0;
			defaultConfigurationName = Release;
		};
		799F60181AB6659E00D630F2 /* Build configuration list for PBXNativeTarget "engine2d" */ = {
			isa = XCConfigurationList;
			buildConfigurations = (
				799F60191AB6659E00D630F2 /* Debug */,
				799F601A1AB6659E00D630F2 /* Release */,
			);
			defaultConfigurationIsVisible = 0;
			defaultConfigurationName = Release;
		};
		799F601B1AB6659E00D630F2 /* Build configuration list for PBXNativeTarget "engine2dTests" */ = {
			isa = XCConfigurationList;
			buildConfigurations = (
				799F601C1AB6659E00D630F2 /* Debug */,
				799F601D1AB6659E00D630F2 /* Release */,
			);
			defaultConfigurationIsVisible = 0;
			defaultConfigurationName = Release;
		};
/* End XCConfigurationList section */
	};
	rootObject = 799F5FED1AB6659E00D630F2 /* Project object */;
}
